
Microsoft Visual Studio Solution File, Format Version 12.00
# Visual Studio Version 17
VisualStudioVersion = 17.12.35527.113 d17.12
MinimumVisualStudioVersion = 10.0.40219.1
Project("{FAE04EC0-301F-11D3-BF4B-00C04F79EFBC}") = "Application", "Application\Application.csproj", "{8BFC7ABC-E4D4-4F34-A247-5EB1BE13E215}"
EndProject
Project("{FAE04EC0-301F-11D3-BF4B-00C04F79EFBC}") = "Domain", "Domain\Domain.csproj", "{2B786DC5-28DD-48A3-A15E-2712186FC745}"
EndProject
Project("{FAE04EC0-301F-11D3-BF4B-00C04F79EFBC}") = "Infrastructure", "Infrastructure\Infrastructure.csproj", "{378E6BBF-1966-4A10-AD67-EF6D4B6FBCC6}"
EndProject
Project("{FAE04EC0-301F-11D3-BF4B-00C04F79EFBC}") = "Presentation", "Presentation\Presentation.csproj", "{5C1FB377-BA90-4165-92E0-5C1B11A5836C}"
EndProject
Global
	GlobalSection(SolutionConfigurationPlatforms) = preSolution
		Debug|Any CPU = Debug|Any CPU
		Release|Any CPU = Release|Any CPU
	EndGlobalSection
	GlobalSection(ProjectConfigurationPlatforms) = postSolution
		{8BFC7ABC-E4D4-4F34-A247-5EB1BE13E215}.Debug|Any CPU.ActiveCfg = Debug|Any CPU
		{8BFC7ABC-E4D4-4F34-A247-5EB1BE13E215}.Debug|Any CPU.Build.0 = Debug|Any CPU
		{8BFC7ABC-E4D4-4F34-A247-5EB1BE13E215}.Release|Any CPU.ActiveCfg = Release|Any CPU
		{8BFC7ABC-E4D4-4F34-A247-5EB1BE13E215}.Release|Any CPU.Build.0 = Release|Any CPU
		{2B786DC5-28DD-48A3-A15E-2712186FC745}.Debug|Any CPU.ActiveCfg = Debug|Any CPU
		{2B786DC5-28DD-48A3-A15E-2712186FC745}.Debug|Any CPU.Build.0 = Debug|Any CPU
		{2B786DC5-28DD-48A3-A15E-2712186FC745}.Release|Any CPU.ActiveCfg = Release|Any CPU
		{2B786DC5-28DD-48A3-A15E-2712186FC745}.Release|Any CPU.Build.0 = Release|Any CPU
		{378E6BBF-1966-4A10-AD67-EF6D4B6FBCC6}.Debug|Any CPU.ActiveCfg = Debug|Any CPU
		{378E6BBF-1966-4A10-AD67-EF6D4B6FBCC6}.Debug|Any CPU.Build.0 = Debug|Any CPU
		{378E6BBF-1966-4A10-AD67-EF6D4B6FBCC6}.Release|Any CPU.ActiveCfg = Release|Any CPU
		{378E6BBF-1966-4A10-AD67-EF6D4B6FBCC6}.Release|Any CPU.Build.0 = Release|Any CPU
		{5C1FB377-BA90-4165-92E0-5C1B11A5836C}.Debug|Any CPU.ActiveCfg = Debug|Any CPU
		{5C1FB377-BA90-4165-92E0-5C1B11A5836C}.Debug|Any CPU.Build.0 = Debug|Any CPU
		{5C1FB377-BA90-4165-92E0-5C1B11A5836C}.Release|Any CPU.ActiveCfg = Release|Any CPU
		{5C1FB377-BA90-4165-92E0-5C1B11A5836C}.Release|Any CPU.Build.0 = Release|Any CPU
	EndGlobalSection
	GlobalSection(SolutionProperties) = preSolution
		HideSolutionNode = FALSE
	EndGlobalSection
EndGlobal
